// !$*UTF8*$!
{
	archiveVersion = 1;
	classes = {
	};
	objectVersion = 56;
	objects = {

/* Begin PBXBuildFile section */
		42C0C0252C299EE9006FA989 /* AppDelegate.swift in Sources */ = {isa = PBXBuildFile; fileRef = 42C0C0242C299EE9006FA989 /* AppDelegate.swift */; };
		42C0C0272C299EE9006FA989 /* SceneDelegate.swift in Sources */ = {isa = PBXBuildFile; fileRef = 42C0C0262C299EE9006FA989 /* SceneDelegate.swift */; };
		42C0C0292C299EE9006FA989 /* MainViewController.swift in Sources */ = {isa = PBXBuildFile; fileRef = 42C0C0282C299EE9006FA989 /* MainViewController.swift */; };
		42C0C02E2C299EEA006FA989 /* Assets.xcassets in Resources */ = {isa = PBXBuildFile; fileRef = 42C0C02D2C299EEA006FA989 /* Assets.xcassets */; };
		42C0C0312C299EEA006FA989 /* Base in Resources */ = {isa = PBXBuildFile; fileRef = 42C0C0302C299EEA006FA989 /* Base */; };
		42C0C0432C29AB56006FA989 /* .gitignore in Resources */ = {isa = PBXBuildFile; fileRef = 42C0C0422C29AB56006FA989 /* .gitignore */; };
		42C0C0462C29B198006FA989 /* RxCocoa in Frameworks */ = {isa = PBXBuildFile; productRef = 42C0C0452C29B198006FA989 /* RxCocoa */; };
		42C0C0482C29B198006FA989 /* RxRelay in Frameworks */ = {isa = PBXBuildFile; productRef = 42C0C0472C29B198006FA989 /* RxRelay */; };
		42C0C04A2C29B198006FA989 /* RxSwift in Frameworks */ = {isa = PBXBuildFile; productRef = 42C0C0492C29B198006FA989 /* RxSwift */; };
		42C0C04D2C29B1A9006FA989 /* Alamofire in Frameworks */ = {isa = PBXBuildFile; productRef = 42C0C04C2C29B1A9006FA989 /* Alamofire */; };
		42C0C0502C29B1B5006FA989 /* SnapKit in Frameworks */ = {isa = PBXBuildFile; productRef = 42C0C04F2C29B1B5006FA989 /* SnapKit */; };
		42C0C05D2C29B686006FA989 /* APIKey.swift in Sources */ = {isa = PBXBuildFile; fileRef = 42C0C05C2C29B686006FA989 /* APIKey.swift */; };
		42C0C0602C29B82D006FA989 /* Router.swift in Sources */ = {isa = PBXBuildFile; fileRef = 42C0C05F2C29B82D006FA989 /* Router.swift */; };
		42C0C0622C29B9B6006FA989 /* CWRouter.swift in Sources */ = {isa = PBXBuildFile; fileRef = 42C0C0612C29B9B6006FA989 /* CWRouter.swift */; };
		42C0C0642C29BB9C006FA989 /* Parameters.swift in Sources */ = {isa = PBXBuildFile; fileRef = 42C0C0632C29BB9C006FA989 /* Parameters.swift */; };
		42C0C0672C29C071006FA989 /* WeatherForecast.swift in Sources */ = {isa = PBXBuildFile; fileRef = 42C0C0662C29C071006FA989 /* WeatherForecast.swift */; };
		42C0C0692C29C091006FA989 /* Weather.swift in Sources */ = {isa = PBXBuildFile; fileRef = 42C0C0682C29C091006FA989 /* Weather.swift */; };
		42C0C06B2C29C6AF006FA989 /* City.swift in Sources */ = {isa = PBXBuildFile; fileRef = 42C0C06A2C29C6AF006FA989 /* City.swift */; };
		42C0C0712C29CA06006FA989 /* NetworkError.swift in Sources */ = {isa = PBXBuildFile; fileRef = 42C0C0702C29CA06006FA989 /* NetworkError.swift */; };
		42C0C0732C29CE12006FA989 /* NetworkManager.swift in Sources */ = {isa = PBXBuildFile; fileRef = 42C0C0722C29CE11006FA989 /* NetworkManager.swift */; };
		42C0C0752C2A6BF0006FA989 /* BaseViewController.swift in Sources */ = {isa = PBXBuildFile; fileRef = 42C0C0742C2A6BF0006FA989 /* BaseViewController.swift */; };
		42C0C0772C2A6C2F006FA989 /* BaseView.swift in Sources */ = {isa = PBXBuildFile; fileRef = 42C0C0762C2A6C2F006FA989 /* BaseView.swift */; };
		42C0C0792C2A6C62006FA989 /* BaseCollectionViewCell.swift in Sources */ = {isa = PBXBuildFile; fileRef = 42C0C0782C2A6C62006FA989 /* BaseCollectionViewCell.swift */; };
		42C0C07B2C2A6C8C006FA989 /* BaseTableViewCell.swift in Sources */ = {isa = PBXBuildFile; fileRef = 42C0C07A2C2A6C8C006FA989 /* BaseTableViewCell.swift */; };
		42C0C07D2C2A6E70006FA989 /* SearchCityViewController.swift in Sources */ = {isa = PBXBuildFile; fileRef = 42C0C07C2C2A6E70006FA989 /* SearchCityViewController.swift */; };
		42C0C0812C2A76E7006FA989 /* SearchCityView.swift in Sources */ = {isa = PBXBuildFile; fileRef = 42C0C0802C2A76E7006FA989 /* SearchCityView.swift */; };
		42C0C0852C2A7AC2006FA989 /* UIView+.swift in Sources */ = {isa = PBXBuildFile; fileRef = 42C0C0842C2A7AC2006FA989 /* UIView+.swift */; };
		42C0C0872C2A7C53006FA989 /* CityTableViewCell.swift in Sources */ = {isa = PBXBuildFile; fileRef = 42C0C0862C2A7C53006FA989 /* CityTableViewCell.swift */; };
		42C0C08A2C2A80A4006FA989 /* JsonManager.swift in Sources */ = {isa = PBXBuildFile; fileRef = 42C0C0892C2A80A4006FA989 /* JsonManager.swift */; };
		42C0C08C2C2A812D006FA989 /* SearchCityViewModel.swift in Sources */ = {isa = PBXBuildFile; fileRef = 42C0C08B2C2A812D006FA989 /* SearchCityViewModel.swift */; };
		42C0C08F2C2A8156006FA989 /* ViewModelProtocol.swift in Sources */ = {isa = PBXBuildFile; fileRef = 42C0C08E2C2A8156006FA989 /* ViewModelProtocol.swift */; };
		42C0C0922C2A8210006FA989 /* CityRepository.swift in Sources */ = {isa = PBXBuildFile; fileRef = 42C0C0912C2A8210006FA989 /* CityRepository.swift */; };
		42C0C0962C2A8CD5006FA989 /* citylist.json in Resources */ = {isa = PBXBuildFile; fileRef = 42C0C0952C2A8CD5006FA989 /* citylist.json */; };
		42C0C0982C2A8FA6006FA989 /* ViewControllerProtocol.swift in Sources */ = {isa = PBXBuildFile; fileRef = 42C0C0972C2A8FA6006FA989 /* ViewControllerProtocol.swift */; };
/* End PBXBuildFile section */

/* Begin PBXFileReference section */
		42C0C0212C299EE9006FA989 /* CityWeather.app */ = {isa = PBXFileReference; explicitFileType = wrapper.application; includeInIndex = 0; path = CityWeather.app; sourceTree = BUILT_PRODUCTS_DIR; };
		42C0C0242C299EE9006FA989 /* AppDelegate.swift */ = {isa = PBXFileReference; lastKnownFileType = sourcecode.swift; path = AppDelegate.swift; sourceTree = "<group>"; };
		42C0C0262C299EE9006FA989 /* SceneDelegate.swift */ = {isa = PBXFileReference; lastKnownFileType = sourcecode.swift; path = SceneDelegate.swift; sourceTree = "<group>"; };
		42C0C0282C299EE9006FA989 /* MainViewController.swift */ = {isa = PBXFileReference; lastKnownFileType = sourcecode.swift; path = MainViewController.swift; sourceTree = "<group>"; };
		42C0C02D2C299EEA006FA989 /* Assets.xcassets */ = {isa = PBXFileReference; lastKnownFileType = folder.assetcatalog; path = Assets.xcassets; sourceTree = "<group>"; };
		42C0C0302C299EEA006FA989 /* Base */ = {isa = PBXFileReference; lastKnownFileType = file.storyboard; name = Base; path = Base.lproj/LaunchScreen.storyboard; sourceTree = "<group>"; };
		42C0C0322C299EEA006FA989 /* Info.plist */ = {isa = PBXFileReference; lastKnownFileType = text.plist.xml; name = Info.plist; path = CityWeather/App/Info.plist; sourceTree = SOURCE_ROOT; };
		42C0C0422C29AB56006FA989 /* .gitignore */ = {isa = PBXFileReference; lastKnownFileType = text; path = .gitignore; sourceTree = "<group>"; };
		42C0C05C2C29B686006FA989 /* APIKey.swift */ = {isa = PBXFileReference; lastKnownFileType = sourcecode.swift; path = APIKey.swift; sourceTree = "<group>"; };
		42C0C05F2C29B82D006FA989 /* Router.swift */ = {isa = PBXFileReference; lastKnownFileType = sourcecode.swift; path = Router.swift; sourceTree = "<group>"; };
		42C0C0612C29B9B6006FA989 /* CWRouter.swift */ = {isa = PBXFileReference; lastKnownFileType = sourcecode.swift; path = CWRouter.swift; sourceTree = "<group>"; };
		42C0C0632C29BB9C006FA989 /* Parameters.swift */ = {isa = PBXFileReference; lastKnownFileType = sourcecode.swift; path = Parameters.swift; sourceTree = "<group>"; };
		42C0C0662C29C071006FA989 /* WeatherForecast.swift */ = {isa = PBXFileReference; lastKnownFileType = sourcecode.swift; path = WeatherForecast.swift; sourceTree = "<group>"; };
		42C0C0682C29C091006FA989 /* Weather.swift */ = {isa = PBXFileReference; lastKnownFileType = sourcecode.swift; path = Weather.swift; sourceTree = "<group>"; };
		42C0C06A2C29C6AF006FA989 /* City.swift */ = {isa = PBXFileReference; lastKnownFileType = sourcecode.swift; path = City.swift; sourceTree = "<group>"; };
		42C0C0702C29CA06006FA989 /* NetworkError.swift */ = {isa = PBXFileReference; lastKnownFileType = sourcecode.swift; path = NetworkError.swift; sourceTree = "<group>"; };
		42C0C0722C29CE11006FA989 /* NetworkManager.swift */ = {isa = PBXFileReference; lastKnownFileType = sourcecode.swift; path = NetworkManager.swift; sourceTree = "<group>"; };
		42C0C0742C2A6BF0006FA989 /* BaseViewController.swift */ = {isa = PBXFileReference; lastKnownFileType = sourcecode.swift; path = BaseViewController.swift; sourceTree = "<group>"; };
		42C0C0762C2A6C2F006FA989 /* BaseView.swift */ = {isa = PBXFileReference; lastKnownFileType = sourcecode.swift; path = BaseView.swift; sourceTree = "<group>"; };
		42C0C0782C2A6C62006FA989 /* BaseCollectionViewCell.swift */ = {isa = PBXFileReference; lastKnownFileType = sourcecode.swift; path = BaseCollectionViewCell.swift; sourceTree = "<group>"; };
		42C0C07A2C2A6C8C006FA989 /* BaseTableViewCell.swift */ = {isa = PBXFileReference; lastKnownFileType = sourcecode.swift; path = BaseTableViewCell.swift; sourceTree = "<group>"; };
		42C0C07C2C2A6E70006FA989 /* SearchCityViewController.swift */ = {isa = PBXFileReference; lastKnownFileType = sourcecode.swift; path = SearchCityViewController.swift; sourceTree = "<group>"; };
		42C0C0802C2A76E7006FA989 /* SearchCityView.swift */ = {isa = PBXFileReference; lastKnownFileType = sourcecode.swift; path = SearchCityView.swift; sourceTree = "<group>"; };
		42C0C0842C2A7AC2006FA989 /* UIView+.swift */ = {isa = PBXFileReference; lastKnownFileType = sourcecode.swift; path = "UIView+.swift"; sourceTree = "<group>"; };
		42C0C0862C2A7C53006FA989 /* CityTableViewCell.swift */ = {isa = PBXFileReference; lastKnownFileType = sourcecode.swift; path = CityTableViewCell.swift; sourceTree = "<group>"; };
		42C0C0892C2A80A4006FA989 /* JsonManager.swift */ = {isa = PBXFileReference; lastKnownFileType = sourcecode.swift; path = JsonManager.swift; sourceTree = "<group>"; };
		42C0C08B2C2A812D006FA989 /* SearchCityViewModel.swift */ = {isa = PBXFileReference; lastKnownFileType = sourcecode.swift; path = SearchCityViewModel.swift; sourceTree = "<group>"; };
		42C0C08E2C2A8156006FA989 /* ViewModelProtocol.swift */ = {isa = PBXFileReference; lastKnownFileType = sourcecode.swift; path = ViewModelProtocol.swift; sourceTree = "<group>"; };
		42C0C0912C2A8210006FA989 /* CityRepository.swift */ = {isa = PBXFileReference; lastKnownFileType = sourcecode.swift; path = CityRepository.swift; sourceTree = "<group>"; };
		42C0C0952C2A8CD5006FA989 /* citylist.json */ = {isa = PBXFileReference; fileEncoding = 4; lastKnownFileType = text.json; path = citylist.json; sourceTree = "<group>"; };
		42C0C0972C2A8FA6006FA989 /* ViewControllerProtocol.swift */ = {isa = PBXFileReference; lastKnownFileType = sourcecode.swift; path = ViewControllerProtocol.swift; sourceTree = "<group>"; };
/* End PBXFileReference section */

/* Begin PBXFrameworksBuildPhase section */
		42C0C01E2C299EE9006FA989 /* Frameworks */ = {
			isa = PBXFrameworksBuildPhase;
			buildActionMask = 2147483647;
			files = (
				42C0C04A2C29B198006FA989 /* RxSwift in Frameworks */,
				42C0C04D2C29B1A9006FA989 /* Alamofire in Frameworks */,
				42C0C0482C29B198006FA989 /* RxRelay in Frameworks */,
				42C0C0462C29B198006FA989 /* RxCocoa in Frameworks */,
				42C0C0502C29B1B5006FA989 /* SnapKit in Frameworks */,
			);
			runOnlyForDeploymentPostprocessing = 0;
		};
/* End PBXFrameworksBuildPhase section */

/* Begin PBXGroup section */
		42C0C0182C299EE9006FA989 = {
			isa = PBXGroup;
			children = (
				42C0C0422C29AB56006FA989 /* .gitignore */,
				42C0C0232C299EE9006FA989 /* CityWeather */,
				42C0C0222C299EE9006FA989 /* Products */,
			);
			sourceTree = "<group>";
		};
		42C0C0222C299EE9006FA989 /* Products */ = {
			isa = PBXGroup;
			children = (
				42C0C0212C299EE9006FA989 /* CityWeather.app */,
			);
			name = Products;
			sourceTree = "<group>";
		};
		42C0C0232C299EE9006FA989 /* CityWeather */ = {
			isa = PBXGroup;
			children = (
				42C0C0382C29A946006FA989 /* App */,
				42C0C0392C29A94B006FA989 /* Data */,
				42C0C03A2C29A94F006FA989 /* Presentation */,
				42C0C0822C2A7AA1006FA989 /* Utility */,
			);
			path = CityWeather;
			sourceTree = "<group>";
		};
		42C0C0382C29A946006FA989 /* App */ = {
			isa = PBXGroup;
			children = (
				42C0C0322C299EEA006FA989 /* Info.plist */,
				42C0C02F2C299EEA006FA989 /* LaunchScreen.storyboard */,
				42C0C0242C299EE9006FA989 /* AppDelegate.swift */,
				42C0C0262C299EE9006FA989 /* SceneDelegate.swift */,
			);
			path = App;
			sourceTree = "<group>";
		};
		42C0C0392C29A94B006FA989 /* Data */ = {
			isa = PBXGroup;
			children = (
				42C0C0902C2A8205006FA989 /* Repository */,
				42C0C0652C29C010006FA989 /* Model */,
				42C0C05E2C29B822006FA989 /* Router */,
				42C0C0592C29B666006FA989 /* Network */,
			);
			path = Data;
			sourceTree = "<group>";
		};
		42C0C03A2C29A94F006FA989 /* Presentation */ = {
			isa = PBXGroup;
			children = (
				42C0C03E2C29AA7D006FA989 /* Common */,
				42C0C03D2C29AA69006FA989 /* View */,
			);
			path = Presentation;
			sourceTree = "<group>";
		};
		42C0C03B2C29A961006FA989 /* Resource */ = {
			isa = PBXGroup;
			children = (
				42C0C0952C2A8CD5006FA989 /* citylist.json */,
				42C0C02D2C299EEA006FA989 /* Assets.xcassets */,
			);
			path = Resource;
			sourceTree = "<group>";
		};
		42C0C03D2C29AA69006FA989 /* View */ = {
			isa = PBXGroup;
			children = (
				42C0C07F2C2A76D3006FA989 /* MainView */,
				42C0C07E2C2A76CA006FA989 /* SearchCityView */,
			);
			path = View;
			sourceTree = "<group>";
		};
		42C0C03E2C29AA7D006FA989 /* Common */ = {
			isa = PBXGroup;
			children = (
				42C0C08D2C2A8148006FA989 /* Protocol */,
				42C0C03F2C29AAD9006FA989 /* Base */,
			);
			path = Common;
			sourceTree = "<group>";
		};
		42C0C03F2C29AAD9006FA989 /* Base */ = {
			isa = PBXGroup;
			children = (
				42C0C0742C2A6BF0006FA989 /* BaseViewController.swift */,
				42C0C0762C2A6C2F006FA989 /* BaseView.swift */,
				42C0C0782C2A6C62006FA989 /* BaseCollectionViewCell.swift */,
				42C0C07A2C2A6C8C006FA989 /* BaseTableViewCell.swift */,
			);
			path = Base;
			sourceTree = "<group>";
		};
		42C0C0592C29B666006FA989 /* Network */ = {
			isa = PBXGroup;
			children = (
				42C0C05A2C29B66D006FA989 /* APIService */,
				42C0C05B2C29B677006FA989 /* APISetting */,
			);
			path = Network;
			sourceTree = "<group>";
		};
		42C0C05A2C29B66D006FA989 /* APIService */ = {
			isa = PBXGroup;
			children = (
				42C0C0702C29CA06006FA989 /* NetworkError.swift */,
				42C0C0722C29CE11006FA989 /* NetworkManager.swift */,
			);
			path = APIService;
			sourceTree = "<group>";
		};
		42C0C05B2C29B677006FA989 /* APISetting */ = {
			isa = PBXGroup;
			children = (
				42C0C05C2C29B686006FA989 /* APIKey.swift */,
				42C0C0632C29BB9C006FA989 /* Parameters.swift */,
			);
			path = APISetting;
			sourceTree = "<group>";
		};
		42C0C05E2C29B822006FA989 /* Router */ = {
			isa = PBXGroup;
			children = (
				42C0C05F2C29B82D006FA989 /* Router.swift */,
				42C0C0612C29B9B6006FA989 /* CWRouter.swift */,
			);
			path = Router;
			sourceTree = "<group>";
		};
		42C0C0652C29C010006FA989 /* Model */ = {
			isa = PBXGroup;
			children = (
				42C0C0662C29C071006FA989 /* WeatherForecast.swift */,
				42C0C0682C29C091006FA989 /* Weather.swift */,
				42C0C06A2C29C6AF006FA989 /* City.swift */,
			);
			path = Model;
			sourceTree = "<group>";
		};
		42C0C07E2C2A76CA006FA989 /* SearchCityView */ = {
			isa = PBXGroup;
			children = (
				42C0C07C2C2A6E70006FA989 /* SearchCityViewController.swift */,
				42C0C0802C2A76E7006FA989 /* SearchCityView.swift */,
				42C0C0862C2A7C53006FA989 /* CityTableViewCell.swift */,
				42C0C08B2C2A812D006FA989 /* SearchCityViewModel.swift */,
			);
			path = SearchCityView;
			sourceTree = "<group>";
		};
		42C0C07F2C2A76D3006FA989 /* MainView */ = {
			isa = PBXGroup;
			children = (
				42C0C0282C299EE9006FA989 /* MainViewController.swift */,
			);
			path = MainView;
			sourceTree = "<group>";
		};
		42C0C0822C2A7AA1006FA989 /* Utility */ = {
			isa = PBXGroup;
			children = (
				42C0C0882C2A809A006FA989 /* Manager */,
				42C0C0832C2A7AAF006FA989 /* Extension */,
				42C0C03B2C29A961006FA989 /* Resource */,
			);
			path = Utility;
			sourceTree = "<group>";
		};
		42C0C0832C2A7AAF006FA989 /* Extension */ = {
			isa = PBXGroup;
			children = (
				42C0C0842C2A7AC2006FA989 /* UIView+.swift */,
			);
			path = Extension;
			sourceTree = "<group>";
		};
		42C0C0882C2A809A006FA989 /* Manager */ = {
			isa = PBXGroup;
			children = (
				42C0C0892C2A80A4006FA989 /* JsonManager.swift */,
			);
			path = Manager;
			sourceTree = "<group>";
		};
		42C0C08D2C2A8148006FA989 /* Protocol */ = {
			isa = PBXGroup;
			children = (
				42C0C08E2C2A8156006FA989 /* ViewModelProtocol.swift */,
				42C0C0972C2A8FA6006FA989 /* ViewControllerProtocol.swift */,
			);
			path = Protocol;
			sourceTree = "<group>";
		};
		42C0C0902C2A8205006FA989 /* Repository */ = {
			isa = PBXGroup;
			children = (
				42C0C0912C2A8210006FA989 /* CityRepository.swift */,
			);
			path = Repository;
			sourceTree = "<group>";
		};
/* End PBXGroup section */

/* Begin PBXNativeTarget section */
		42C0C0202C299EE9006FA989 /* CityWeather */ = {
			isa = PBXNativeTarget;
			buildConfigurationList = 42C0C0352C299EEA006FA989 /* Build configuration list for PBXNativeTarget "CityWeather" */;
			buildPhases = (
				42C0C01D2C299EE9006FA989 /* Sources */,
				42C0C01E2C299EE9006FA989 /* Frameworks */,
				42C0C01F2C299EE9006FA989 /* Resources */,
			);
			buildRules = (
			);
			dependencies = (
			);
			name = CityWeather;
			packageProductDependencies = (
				42C0C0452C29B198006FA989 /* RxCocoa */,
				42C0C0472C29B198006FA989 /* RxRelay */,
				42C0C0492C29B198006FA989 /* RxSwift */,
				42C0C04C2C29B1A9006FA989 /* Alamofire */,
				42C0C04F2C29B1B5006FA989 /* SnapKit */,
			);
			productName = CityWeather;
			productReference = 42C0C0212C299EE9006FA989 /* CityWeather.app */;
			productType = "com.apple.product-type.application";
		};
/* End PBXNativeTarget section */

/* Begin PBXProject section */
		42C0C0192C299EE9006FA989 /* Project object */ = {
			isa = PBXProject;
			attributes = {
				BuildIndependentTargetsInParallel = 1;
				LastSwiftUpdateCheck = 1530;
				LastUpgradeCheck = 1530;
				TargetAttributes = {
					42C0C0202C299EE9006FA989 = {
						CreatedOnToolsVersion = 15.3;
					};
				};
			};
			buildConfigurationList = 42C0C01C2C299EE9006FA989 /* Build configuration list for PBXProject "CityWeather" */;
			compatibilityVersion = "Xcode 14.0";
			developmentRegion = en;
			hasScannedForEncodings = 0;
			knownRegions = (
				en,
				Base,
			);
			mainGroup = 42C0C0182C299EE9006FA989;
			packageReferences = (
				42C0C0442C29B198006FA989 /* XCRemoteSwiftPackageReference "RxSwift" */,
				42C0C04B2C29B1A9006FA989 /* XCRemoteSwiftPackageReference "Alamofire" */,
				42C0C04E2C29B1B5006FA989 /* XCRemoteSwiftPackageReference "SnapKit" */,
			);
			productRefGroup = 42C0C0222C299EE9006FA989 /* Products */;
			projectDirPath = "";
			projectRoot = "";
			targets = (
				42C0C0202C299EE9006FA989 /* CityWeather */,
			);
		};
/* End PBXProject section */

/* Begin PBXResourcesBuildPhase section */
		42C0C01F2C299EE9006FA989 /* Resources */ = {
			isa = PBXResourcesBuildPhase;
			buildActionMask = 2147483647;
			files = (
				42C0C02E2C299EEA006FA989 /* Assets.xcassets in Resources */,
				42C0C0432C29AB56006FA989 /* .gitignore in Resources */,
				42C0C0962C2A8CD5006FA989 /* citylist.json in Resources */,
				42C0C0312C299EEA006FA989 /* Base in Resources */,
			);
			runOnlyForDeploymentPostprocessing = 0;
		};
/* End PBXResourcesBuildPhase section */

/* Begin PBXSourcesBuildPhase section */
		42C0C01D2C299EE9006FA989 /* Sources */ = {
			isa = PBXSourcesBuildPhase;
			buildActionMask = 2147483647;
			files = (
				42C0C07B2C2A6C8C006FA989 /* BaseTableViewCell.swift in Sources */,
				42C0C0752C2A6BF0006FA989 /* BaseViewController.swift in Sources */,
				42C0C0872C2A7C53006FA989 /* CityTableViewCell.swift in Sources */,
				42C0C0732C29CE12006FA989 /* NetworkManager.swift in Sources */,
				42C0C08F2C2A8156006FA989 /* ViewModelProtocol.swift in Sources */,
				42C0C0622C29B9B6006FA989 /* CWRouter.swift in Sources */,
				42C0C0642C29BB9C006FA989 /* Parameters.swift in Sources */,
				42C0C0812C2A76E7006FA989 /* SearchCityView.swift in Sources */,
				42C0C0982C2A8FA6006FA989 /* ViewControllerProtocol.swift in Sources */,
				42C0C0922C2A8210006FA989 /* CityRepository.swift in Sources */,
				42C0C0292C299EE9006FA989 /* MainViewController.swift in Sources */,
				42C0C0792C2A6C62006FA989 /* BaseCollectionViewCell.swift in Sources */,
				42C0C08A2C2A80A4006FA989 /* JsonManager.swift in Sources */,
				42C0C0252C299EE9006FA989 /* AppDelegate.swift in Sources */,
				42C0C07D2C2A6E70006FA989 /* SearchCityViewController.swift in Sources */,
				42C0C0692C29C091006FA989 /* Weather.swift in Sources */,
				42C0C0602C29B82D006FA989 /* Router.swift in Sources */,
				42C0C06B2C29C6AF006FA989 /* City.swift in Sources */,
				42C0C05D2C29B686006FA989 /* APIKey.swift in Sources */,
				42C0C0712C29CA06006FA989 /* NetworkError.swift in Sources */,
				42C0C0852C2A7AC2006FA989 /* UIView+.swift in Sources */,
				42C0C0772C2A6C2F006FA989 /* BaseView.swift in Sources */,
				42C0C08C2C2A812D006FA989 /* SearchCityViewModel.swift in Sources */,
				42C0C0272C299EE9006FA989 /* SceneDelegate.swift in Sources */,
				42C0C0672C29C071006FA989 /* WeatherForecast.swift in Sources */,
			);
			runOnlyForDeploymentPostprocessing = 0;
		};
/* End PBXSourcesBuildPhase section */

/* Begin PBXVariantGroup section */
		42C0C02F2C299EEA006FA989 /* LaunchScreen.storyboard */ = {
			isa = PBXVariantGroup;
			children = (
				42C0C0302C299EEA006FA989 /* Base */,
			);
			name = LaunchScreen.storyboard;
			sourceTree = "<group>";
		};
/* End PBXVariantGroup section */

/* Begin XCBuildConfiguration section */
		42C0C0332C299EEA006FA989 /* Debug */ = {
			isa = XCBuildConfiguration;
			buildSettings = {
				ALWAYS_SEARCH_USER_PATHS = NO;
				ASSETCATALOG_COMPILER_GENERATE_SWIFT_ASSET_SYMBOL_EXTENSIONS = YES;
				CLANG_ANALYZER_NONNULL = YES;
				CLANG_ANALYZER_NUMBER_OBJECT_CONVERSION = YES_AGGRESSIVE;
				CLANG_CXX_LANGUAGE_STANDARD = "gnu++20";
				CLANG_ENABLE_MODULES = YES;
				CLANG_ENABLE_OBJC_ARC = YES;
				CLANG_ENABLE_OBJC_WEAK = YES;
				CLANG_WARN_BLOCK_CAPTURE_AUTORELEASING = YES;
				CLANG_WARN_BOOL_CONVERSION = YES;
				CLANG_WARN_COMMA = YES;
				CLANG_WARN_CONSTANT_CONVERSION = YES;
				CLANG_WARN_DEPRECATED_OBJC_IMPLEMENTATIONS = YES;
				CLANG_WARN_DIRECT_OBJC_ISA_USAGE = YES_ERROR;
				CLANG_WARN_DOCUMENTATION_COMMENTS = YES;
				CLANG_WARN_EMPTY_BODY = YES;
				CLANG_WARN_ENUM_CONVERSION = YES;
				CLANG_WARN_INFINITE_RECURSION = YES;
				CLANG_WARN_INT_CONVERSION = YES;
				CLANG_WARN_NON_LITERAL_NULL_CONVERSION = YES;
				CLANG_WARN_OBJC_IMPLICIT_RETAIN_SELF = YES;
				CLANG_WARN_OBJC_LITERAL_CONVERSION = YES;
				CLANG_WARN_OBJC_ROOT_CLASS = YES_ERROR;
				CLANG_WARN_QUOTED_INCLUDE_IN_FRAMEWORK_HEADER = YES;
				CLANG_WARN_RANGE_LOOP_ANALYSIS = YES;
				CLANG_WARN_STRICT_PROTOTYPES = YES;
				CLANG_WARN_SUSPICIOUS_MOVE = YES;
				CLANG_WARN_UNGUARDED_AVAILABILITY = YES_AGGRESSIVE;
				CLANG_WARN_UNREACHABLE_CODE = YES;
				CLANG_WARN__DUPLICATE_METHOD_MATCH = YES;
				COPY_PHASE_STRIP = NO;
				DEBUG_INFORMATION_FORMAT = dwarf;
				ENABLE_STRICT_OBJC_MSGSEND = YES;
				ENABLE_TESTABILITY = YES;
				ENABLE_USER_SCRIPT_SANDBOXING = YES;
				GCC_C_LANGUAGE_STANDARD = gnu17;
				GCC_DYNAMIC_NO_PIC = NO;
				GCC_NO_COMMON_BLOCKS = YES;
				GCC_OPTIMIZATION_LEVEL = 0;
				GCC_PREPROCESSOR_DEFINITIONS = (
					"DEBUG=1",
					"$(inherited)",
				);
				GCC_WARN_64_TO_32_BIT_CONVERSION = YES;
				GCC_WARN_ABOUT_RETURN_TYPE = YES_ERROR;
				GCC_WARN_UNDECLARED_SELECTOR = YES;
				GCC_WARN_UNINITIALIZED_AUTOS = YES_AGGRESSIVE;
				GCC_WARN_UNUSED_FUNCTION = YES;
				GCC_WARN_UNUSED_VARIABLE = YES;
				IPHONEOS_DEPLOYMENT_TARGET = 15.0;
				LOCALIZATION_PREFERS_STRING_CATALOGS = YES;
				MTL_ENABLE_DEBUG_INFO = INCLUDE_SOURCE;
				MTL_FAST_MATH = YES;
				ONLY_ACTIVE_ARCH = YES;
				SDKROOT = iphoneos;
				SWIFT_ACTIVE_COMPILATION_CONDITIONS = "DEBUG $(inherited)";
				SWIFT_OPTIMIZATION_LEVEL = "-Onone";
			};
			name = Debug;
		};
		42C0C0342C299EEA006FA989 /* Release */ = {
			isa = XCBuildConfiguration;
			buildSettings = {
				ALWAYS_SEARCH_USER_PATHS = NO;
				ASSETCATALOG_COMPILER_GENERATE_SWIFT_ASSET_SYMBOL_EXTENSIONS = YES;
				CLANG_ANALYZER_NONNULL = YES;
				CLANG_ANALYZER_NUMBER_OBJECT_CONVERSION = YES_AGGRESSIVE;
				CLANG_CXX_LANGUAGE_STANDARD = "gnu++20";
				CLANG_ENABLE_MODULES = YES;
				CLANG_ENABLE_OBJC_ARC = YES;
				CLANG_ENABLE_OBJC_WEAK = YES;
				CLANG_WARN_BLOCK_CAPTURE_AUTORELEASING = YES;
				CLANG_WARN_BOOL_CONVERSION = YES;
				CLANG_WARN_COMMA = YES;
				CLANG_WARN_CONSTANT_CONVERSION = YES;
				CLANG_WARN_DEPRECATED_OBJC_IMPLEMENTATIONS = YES;
				CLANG_WARN_DIRECT_OBJC_ISA_USAGE = YES_ERROR;
				CLANG_WARN_DOCUMENTATION_COMMENTS = YES;
				CLANG_WARN_EMPTY_BODY = YES;
				CLANG_WARN_ENUM_CONVERSION = YES;
				CLANG_WARN_INFINITE_RECURSION = YES;
				CLANG_WARN_INT_CONVERSION = YES;
				CLANG_WARN_NON_LITERAL_NULL_CONVERSION = YES;
				CLANG_WARN_OBJC_IMPLICIT_RETAIN_SELF = YES;
				CLANG_WARN_OBJC_LITERAL_CONVERSION = YES;
				CLANG_WARN_OBJC_ROOT_CLASS = YES_ERROR;
				CLANG_WARN_QUOTED_INCLUDE_IN_FRAMEWORK_HEADER = YES;
				CLANG_WARN_RANGE_LOOP_ANALYSIS = YES;
				CLANG_WARN_STRICT_PROTOTYPES = YES;
				CLANG_WARN_SUSPICIOUS_MOVE = YES;
				CLANG_WARN_UNGUARDED_AVAILABILITY = YES_AGGRESSIVE;
				CLANG_WARN_UNREACHABLE_CODE = YES;
				CLANG_WARN__DUPLICATE_METHOD_MATCH = YES;
				COPY_PHASE_STRIP = NO;
				DEBUG_INFORMATION_FORMAT = "dwarf-with-dsym";
				ENABLE_NS_ASSERTIONS = NO;
				ENABLE_STRICT_OBJC_MSGSEND = YES;
				ENABLE_USER_SCRIPT_SANDBOXING = YES;
				GCC_C_LANGUAGE_STANDARD = gnu17;
				GCC_NO_COMMON_BLOCKS = YES;
				GCC_WARN_64_TO_32_BIT_CONVERSION = YES;
				GCC_WARN_ABOUT_RETURN_TYPE = YES_ERROR;
				GCC_WARN_UNDECLARED_SELECTOR = YES;
				GCC_WARN_UNINITIALIZED_AUTOS = YES_AGGRESSIVE;
				GCC_WARN_UNUSED_FUNCTION = YES;
				GCC_WARN_UNUSED_VARIABLE = YES;
				IPHONEOS_DEPLOYMENT_TARGET = 15.0;
				LOCALIZATION_PREFERS_STRING_CATALOGS = YES;
				MTL_ENABLE_DEBUG_INFO = NO;
				MTL_FAST_MATH = YES;
				SDKROOT = iphoneos;
				SWIFT_COMPILATION_MODE = wholemodule;
				VALIDATE_PRODUCT = YES;
			};
			name = Release;
		};
		42C0C0362C299EEA006FA989 /* Debug */ = {
			isa = XCBuildConfiguration;
			buildSettings = {
				ASSETCATALOG_COMPILER_APPICON_NAME = AppIcon;
				ASSETCATALOG_COMPILER_GLOBAL_ACCENT_COLOR_NAME = AccentColor;
				CODE_SIGN_STYLE = Automatic;
				CURRENT_PROJECT_VERSION = 1;
				DEVELOPMENT_TEAM = HR74YJR7W4;
				GENERATE_INFOPLIST_FILE = YES;
				INFOPLIST_FILE = CityWeather/App/Info.plist;
				INFOPLIST_KEY_CFBundleDisplayName = "이동국";
				INFOPLIST_KEY_UIApplicationSupportsIndirectInputEvents = YES;
				INFOPLIST_KEY_UILaunchStoryboardName = LaunchScreen;
				INFOPLIST_KEY_UISupportedInterfaceOrientations = UIInterfaceOrientationPortrait;
				IPHONEOS_DEPLOYMENT_TARGET = 15.0;
				LD_RUNPATH_SEARCH_PATHS = (
					"$(inherited)",
					"@executable_path/Frameworks",
				);
				MARKETING_VERSION = 1.0;
				PRODUCT_BUNDLE_IDENTIFIER = com.greed.CityWeather;
				PRODUCT_NAME = "$(TARGET_NAME)";
				SUPPORTED_PLATFORMS = "iphoneos iphonesimulator";
				SUPPORTS_MACCATALYST = NO;
				SUPPORTS_MAC_DESIGNED_FOR_IPHONE_IPAD = NO;
				SUPPORTS_XR_DESIGNED_FOR_IPHONE_IPAD = NO;
				SWIFT_EMIT_LOC_STRINGS = YES;
				SWIFT_VERSION = 5.0;
				TARGETED_DEVICE_FAMILY = 1;
			};
			name = Debug;
		};
		42C0C0372C299EEA006FA989 /* Release */ = {
			isa = XCBuildConfiguration;
			buildSettings = {
				ASSETCATALOG_COMPILER_APPICON_NAME = AppIcon;
				ASSETCATALOG_COMPILER_GLOBAL_ACCENT_COLOR_NAME = AccentColor;
				CODE_SIGN_STYLE = Automatic;
				CURRENT_PROJECT_VERSION = 1;
				DEVELOPMENT_TEAM = HR74YJR7W4;
				GENERATE_INFOPLIST_FILE = YES;
				INFOPLIST_FILE = CityWeather/App/Info.plist;
				INFOPLIST_KEY_CFBundleDisplayName = "이동국";
				INFOPLIST_KEY_UIApplicationSupportsIndirectInputEvents = YES;
				INFOPLIST_KEY_UILaunchStoryboardName = LaunchScreen;
				INFOPLIST_KEY_UISupportedInterfaceOrientations = UIInterfaceOrientationPortrait;
				IPHONEOS_DEPLOYMENT_TARGET = 15.0;
				LD_RUNPATH_SEARCH_PATHS = (
					"$(inherited)",
					"@executable_path/Frameworks",
				);
				MARKETING_VERSION = 1.0;
				PRODUCT_BUNDLE_IDENTIFIER = com.greed.CityWeather;
				PRODUCT_NAME = "$(TARGET_NAME)";
				SUPPORTED_PLATFORMS = "iphoneos iphonesimulator";
				SUPPORTS_MACCATALYST = NO;
				SUPPORTS_MAC_DESIGNED_FOR_IPHONE_IPAD = NO;
				SUPPORTS_XR_DESIGNED_FOR_IPHONE_IPAD = NO;
				SWIFT_EMIT_LOC_STRINGS = YES;
				SWIFT_VERSION = 5.0;
				TARGETED_DEVICE_FAMILY = 1;
			};
			name = Release;
		};
/* End XCBuildConfiguration section */

/* Begin XCConfigurationList section */
		42C0C01C2C299EE9006FA989 /* Build configuration list for PBXProject "CityWeather" */ = {
			isa = XCConfigurationList;
			buildConfigurations = (
				42C0C0332C299EEA006FA989 /* Debug */,
				42C0C0342C299EEA006FA989 /* Release */,
			);
			defaultConfigurationIsVisible = 0;
			defaultConfigurationName = Release;
		};
		42C0C0352C299EEA006FA989 /* Build configuration list for PBXNativeTarget "CityWeather" */ = {
			isa = XCConfigurationList;
			buildConfigurations = (
				42C0C0362C299EEA006FA989 /* Debug */,
				42C0C0372C299EEA006FA989 /* Release */,
			);
			defaultConfigurationIsVisible = 0;
			defaultConfigurationName = Release;
		};
/* End XCConfigurationList section */

/* Begin XCRemoteSwiftPackageReference section */
		42C0C0442C29B198006FA989 /* XCRemoteSwiftPackageReference "RxSwift" */ = {
			isa = XCRemoteSwiftPackageReference;
			repositoryURL = "https://github.com/ReactiveX/RxSwift.git";
			requirement = {
				kind = upToNextMajorVersion;
				minimumVersion = 6.7.1;
			};
		};
		42C0C04B2C29B1A9006FA989 /* XCRemoteSwiftPackageReference "Alamofire" */ = {
			isa = XCRemoteSwiftPackageReference;
			repositoryURL = "https://github.com/Alamofire/Alamofire.git";
			requirement = {
				kind = upToNextMajorVersion;
				minimumVersion = 5.9.1;
			};
		};
		42C0C04E2C29B1B5006FA989 /* XCRemoteSwiftPackageReference "SnapKit" */ = {
			isa = XCRemoteSwiftPackageReference;
			repositoryURL = "https://github.com/SnapKit/SnapKit";
			requirement = {
				kind = upToNextMajorVersion;
				minimumVersion = 5.7.1;
			};
		};
/* End XCRemoteSwiftPackageReference section */

/* Begin XCSwiftPackageProductDependency section */
		42C0C0452C29B198006FA989 /* RxCocoa */ = {
			isa = XCSwiftPackageProductDependency;
			package = 42C0C0442C29B198006FA989 /* XCRemoteSwiftPackageReference "RxSwift" */;
			productName = RxCocoa;
		};
		42C0C0472C29B198006FA989 /* RxRelay */ = {
			isa = XCSwiftPackageProductDependency;
			package = 42C0C0442C29B198006FA989 /* XCRemoteSwiftPackageReference "RxSwift" */;
			productName = RxRelay;
		};
		42C0C0492C29B198006FA989 /* RxSwift */ = {
			isa = XCSwiftPackageProductDependency;
			package = 42C0C0442C29B198006FA989 /* XCRemoteSwiftPackageReference "RxSwift" */;
			productName = RxSwift;
		};
		42C0C04C2C29B1A9006FA989 /* Alamofire */ = {
			isa = XCSwiftPackageProductDependency;
			package = 42C0C04B2C29B1A9006FA989 /* XCRemoteSwiftPackageReference "Alamofire" */;
			productName = Alamofire;
		};
		42C0C04F2C29B1B5006FA989 /* SnapKit */ = {
			isa = XCSwiftPackageProductDependency;
			package = 42C0C04E2C29B1B5006FA989 /* XCRemoteSwiftPackageReference "SnapKit" */;
			productName = SnapKit;
		};
/* End XCSwiftPackageProductDependency section */
	};
	rootObject = 42C0C0192C299EE9006FA989 /* Project object */;
}
